
Microsoft Visual Studio Solution File, Format Version 12.00
# Visual Studio Version 17
VisualStudioVersion = 17.3.32901.215
MinimumVisualStudioVersion = 10.0.40219.1
Project("{FAE04EC0-301F-11D3-BF4B-00C04F79EFBC}") = "PRESS_project", "PRESS_project\PRESS_project.csproj", "{3062146B-5CD1-4E76-80A5-EFBFC9AF2059}"
EndProject
Global
	GlobalSection(SolutionConfigurationPlatforms) = preSolution
		Debug|Any CPU = Debug|Any CPU
		Release|Any CPU = Release|Any CPU
	EndGlobalSection
	GlobalSection(ProjectConfigurationPlatforms) = postSolution
		{3062146B-5CD1-4E76-80A5-EFBFC9AF2059}.Debug|Any CPU.ActiveCfg = Debug|Any CPU
		{3062146B-5CD1-4E76-80A5-EFBFC9AF2059}.Debug|Any CPU.Build.0 = Debug|Any CPU
		{3062146B-5CD1-4E76-80A5-EFBFC9AF2059}.Release|Any CPU.ActiveCfg = Release|Any CPU
		{3062146B-5CD1-4E76-80A5-EFBFC9AF2059}.Release|Any CPU.Build.0 = Release|Any CPU
	EndGlobalSection
	GlobalSection(SolutionProperties) = preSolution
		HideSolutionNode = FALSE
	EndGlobalSection
	GlobalSection(ExtensibilityGlobals) = postSolution
		SolutionGuid = {A4FD3BBC-F699-4DCB-9085-19AED01CB943}
	EndGlobalSection
EndGlobal
